
Microsoft Visual Studio Solution File, Format Version 12.00
# Visual Studio Version 17
VisualStudioVersion = 17.8.34525.116
MinimumVisualStudioVersion = 10.0.40219.1
Project("{F184B08F-C81C-45F6-A57F-5ABD9991F28F}") = "candyland", "candyland.vbproj", "{2DB1BCE4-7C9F-4B56-99DA-7B5D5922F854}"
EndProject
Global
	GlobalSection(SolutionConfigurationPlatforms) = preSolution
		Debug|Any CPU = Debug|Any CPU
		Release|Any CPU = Release|Any CPU
	EndGlobalSection
	GlobalSection(ProjectConfigurationPlatforms) = postSolution
		{2DB1BCE4-7C9F-4B56-99DA-7B5D5922F854}.Debug|Any CPU.ActiveCfg = Debug|Any CPU
		{2DB1BCE4-7C9F-4B56-99DA-7B5D5922F854}.Debug|Any CPU.Build.0 = Debug|Any CPU
		{2DB1BCE4-7C9F-4B56-99DA-7B5D5922F854}.Release|Any CPU.ActiveCfg = Release|Any CPU
		{2DB1BCE4-7C9F-4B56-99DA-7B5D5922F854}.Release|Any CPU.Build.0 = Release|Any CPU
	EndGlobalSection
	GlobalSection(SolutionProperties) = preSolution
		HideSolutionNode = FALSE
	EndGlobalSection
	GlobalSection(ExtensibilityGlobals) = postSolution
		SolutionGuid = {49BE614F-0C9A-482C-A2DC-8CA704B1908D}
	EndGlobalSection
EndGlobal
